
Microsoft Visual Studio Solution File, Format Version 12.00
# Visual Studio Version 16
VisualStudioVersion = 16.0.32630.194
MinimumVisualStudioVersion = 10.0.40219.1
Project("{FAE04EC0-301F-11D3-BF4B-00C04F79EFBC}") = "JWT Assignment", "JWT Assignment.csproj", "{573982B6-4559-45B8-9713-07EE56B4A2D8}"
EndProject
Global
	GlobalSection(SolutionConfigurationPlatforms) = preSolution
		Debug|Any CPU = Debug|Any CPU
		Release|Any CPU = Release|Any CPU
	EndGlobalSection
	GlobalSection(ProjectConfigurationPlatforms) = postSolution
		{573982B6-4559-45B8-9713-07EE56B4A2D8}.Debug|Any CPU.ActiveCfg = Debug|Any CPU
		{573982B6-4559-45B8-9713-07EE56B4A2D8}.Debug|Any CPU.Build.0 = Debug|Any CPU
		{573982B6-4559-45B8-9713-07EE56B4A2D8}.Release|Any CPU.ActiveCfg = Release|Any CPU
		{573982B6-4559-45B8-9713-07EE56B4A2D8}.Release|Any CPU.Build.0 = Release|Any CPU
	EndGlobalSection
	GlobalSection(SolutionProperties) = preSolution
		HideSolutionNode = FALSE
	EndGlobalSection
	GlobalSection(ExtensibilityGlobals) = postSolution
		SolutionGuid = {52535B79-1314-4515-BAAC-57438C6E8694}
	EndGlobalSection
EndGlobal
