
Microsoft Visual Studio Solution File, Format Version 12.00
# Visual Studio Version 16
VisualStudioVersion = 16.0.29411.108
MinimumVisualStudioVersion = 10.0.40219.1
Project("{FAE04EC0-301F-11D3-BF4B-00C04F79EFBC}") = "Practice on Event", "Practice on Event.csproj", "{27776834-D922-465B-9FD3-71E8E22E1086}"
EndProject
Global
	GlobalSection(SolutionConfigurationPlatforms) = preSolution
		Debug|Any CPU = Debug|Any CPU
		Release|Any CPU = Release|Any CPU
	EndGlobalSection
	GlobalSection(ProjectConfigurationPlatforms) = postSolution
		{27776834-D922-465B-9FD3-71E8E22E1086}.Debug|Any CPU.ActiveCfg = Debug|Any CPU
		{27776834-D922-465B-9FD3-71E8E22E1086}.Debug|Any CPU.Build.0 = Debug|Any CPU
		{27776834-D922-465B-9FD3-71E8E22E1086}.Release|Any CPU.ActiveCfg = Release|Any CPU
		{27776834-D922-465B-9FD3-71E8E22E1086}.Release|Any CPU.Build.0 = Release|Any CPU
	EndGlobalSection
	GlobalSection(SolutionProperties) = preSolution
		HideSolutionNode = FALSE
	EndGlobalSection
	GlobalSection(ExtensibilityGlobals) = postSolution
		SolutionGuid = {57387E4E-4036-4696-BC54-D3E42676826F}
	EndGlobalSection
EndGlobal
