
Microsoft Visual Studio Solution File, Format Version 12.00
# Visual Studio Version 16
VisualStudioVersion = 16.0.29411.108
MinimumVisualStudioVersion = 10.0.40219.1
Project("{FAE04EC0-301F-11D3-BF4B-00C04F79EFBC}") = "Practice on Async and await", "Practice on Async and await.csproj", "{68311665-DA5E-4E9F-B3B8-71CCB989633D}"
EndProject
Global
	GlobalSection(SolutionConfigurationPlatforms) = preSolution
		Debug|Any CPU = Debug|Any CPU
		Release|Any CPU = Release|Any CPU
	EndGlobalSection
	GlobalSection(ProjectConfigurationPlatforms) = postSolution
		{68311665-DA5E-4E9F-B3B8-71CCB989633D}.Debug|Any CPU.ActiveCfg = Debug|Any CPU
		{68311665-DA5E-4E9F-B3B8-71CCB989633D}.Debug|Any CPU.Build.0 = Debug|Any CPU
		{68311665-DA5E-4E9F-B3B8-71CCB989633D}.Release|Any CPU.ActiveCfg = Release|Any CPU
		{68311665-DA5E-4E9F-B3B8-71CCB989633D}.Release|Any CPU.Build.0 = Release|Any CPU
	EndGlobalSection
	GlobalSection(SolutionProperties) = preSolution
		HideSolutionNode = FALSE
	EndGlobalSection
	GlobalSection(ExtensibilityGlobals) = postSolution
		SolutionGuid = {63F710D7-359D-4722-822C-CC9AF9468180}
	EndGlobalSection
EndGlobal
