
Microsoft Visual Studio Solution File, Format Version 12.00
# Visual Studio Version 16
VisualStudioVersion = 16.0.29411.108
MinimumVisualStudioVersion = 10.0.40219.1
Project("{FAE04EC0-301F-11D3-BF4B-00C04F79EFBC}") = "Practice on LINQ Part2", "Practice on LINQ Part2.csproj", "{73475906-A291-4F00-A5E2-25017BD8B336}"
EndProject
Global
	GlobalSection(SolutionConfigurationPlatforms) = preSolution
		Debug|Any CPU = Debug|Any CPU
		Release|Any CPU = Release|Any CPU
	EndGlobalSection
	GlobalSection(ProjectConfigurationPlatforms) = postSolution
		{73475906-A291-4F00-A5E2-25017BD8B336}.Debug|Any CPU.ActiveCfg = Debug|Any CPU
		{73475906-A291-4F00-A5E2-25017BD8B336}.Debug|Any CPU.Build.0 = Debug|Any CPU
		{73475906-A291-4F00-A5E2-25017BD8B336}.Release|Any CPU.ActiveCfg = Release|Any CPU
		{73475906-A291-4F00-A5E2-25017BD8B336}.Release|Any CPU.Build.0 = Release|Any CPU
	EndGlobalSection
	GlobalSection(SolutionProperties) = preSolution
		HideSolutionNode = FALSE
	EndGlobalSection
	GlobalSection(ExtensibilityGlobals) = postSolution
		SolutionGuid = {3694D4C3-AA2C-4EE8-9EEE-AD46BD9C7C40}
	EndGlobalSection
EndGlobal
