
Microsoft Visual Studio Solution File, Format Version 12.00
# Visual Studio Version 16
VisualStudioVersion = 16.0.29411.108
MinimumVisualStudioVersion = 10.0.40219.1
Project("{FAE04EC0-301F-11D3-BF4B-00C04F79EFBC}") = "Assignment-2 vowel char", "Assignment-2 vowel char\Assignment-2 vowel char.csproj", "{597FAB85-96F8-4A62-A50C-E073B6FE7C34}"
EndProject
Global
	GlobalSection(SolutionConfigurationPlatforms) = preSolution
		Debug|Any CPU = Debug|Any CPU
		Release|Any CPU = Release|Any CPU
	EndGlobalSection
	GlobalSection(ProjectConfigurationPlatforms) = postSolution
		{597FAB85-96F8-4A62-A50C-E073B6FE7C34}.Debug|Any CPU.ActiveCfg = Debug|Any CPU
		{597FAB85-96F8-4A62-A50C-E073B6FE7C34}.Debug|Any CPU.Build.0 = Debug|Any CPU
		{597FAB85-96F8-4A62-A50C-E073B6FE7C34}.Release|Any CPU.ActiveCfg = Release|Any CPU
		{597FAB85-96F8-4A62-A50C-E073B6FE7C34}.Release|Any CPU.Build.0 = Release|Any CPU
	EndGlobalSection
	GlobalSection(SolutionProperties) = preSolution
		HideSolutionNode = FALSE
	EndGlobalSection
	GlobalSection(ExtensibilityGlobals) = postSolution
		SolutionGuid = {C063D24E-26C3-467E-849C-11D75A71EBF9}
	EndGlobalSection
EndGlobal
